
Microsoft Visual Studio Solution File, Format Version 12.00
# Visual Studio Version 17
VisualStudioVersion = 17.7.34024.191
MinimumVisualStudioVersion = 10.0.40219.1
Project("{FAE04EC0-301F-11D3-BF4B-00C04F79EFBC}") = "Week2-Ray_Project", "Week2-Ray_Project\Week2-Ray_Project.csproj", "{46AE6BF8-5E14-489A-8EC7-CA8A032D5B98}"
EndProject
Global
	GlobalSection(SolutionConfigurationPlatforms) = preSolution
		Debug|Any CPU = Debug|Any CPU
		Release|Any CPU = Release|Any CPU
	EndGlobalSection
	GlobalSection(ProjectConfigurationPlatforms) = postSolution
		{46AE6BF8-5E14-489A-8EC7-CA8A032D5B98}.Debug|Any CPU.ActiveCfg = Debug|Any CPU
		{46AE6BF8-5E14-489A-8EC7-CA8A032D5B98}.Debug|Any CPU.Build.0 = Debug|Any CPU
		{46AE6BF8-5E14-489A-8EC7-CA8A032D5B98}.Release|Any CPU.ActiveCfg = Release|Any CPU
		{46AE6BF8-5E14-489A-8EC7-CA8A032D5B98}.Release|Any CPU.Build.0 = Release|Any CPU
	EndGlobalSection
	GlobalSection(SolutionProperties) = preSolution
		HideSolutionNode = FALSE
	EndGlobalSection
	GlobalSection(ExtensibilityGlobals) = postSolution
		SolutionGuid = {2188FA26-9B3A-4418-BFD1-85C1BE44507E}
	EndGlobalSection
EndGlobal
