
Microsoft Visual Studio Solution File, Format Version 12.00
# Visual Studio Version 17
VisualStudioVersion = 17.7.34202.233
MinimumVisualStudioVersion = 10.0.40219.1
Project("{FAE04EC0-301F-11D3-BF4B-00C04F79EFBC}") = "Week6-Ray_Project", "Week6-Ray_Project\Week6-Ray_Project.csproj", "{417B5C3E-63FA-4C93-905E-76D95F6F688A}"
EndProject
Global
	GlobalSection(SolutionConfigurationPlatforms) = preSolution
		Debug|Any CPU = Debug|Any CPU
		Release|Any CPU = Release|Any CPU
	EndGlobalSection
	GlobalSection(ProjectConfigurationPlatforms) = postSolution
		{417B5C3E-63FA-4C93-905E-76D95F6F688A}.Debug|Any CPU.ActiveCfg = Debug|Any CPU
		{417B5C3E-63FA-4C93-905E-76D95F6F688A}.Debug|Any CPU.Build.0 = Debug|Any CPU
		{417B5C3E-63FA-4C93-905E-76D95F6F688A}.Release|Any CPU.ActiveCfg = Release|Any CPU
		{417B5C3E-63FA-4C93-905E-76D95F6F688A}.Release|Any CPU.Build.0 = Release|Any CPU
	EndGlobalSection
	GlobalSection(SolutionProperties) = preSolution
		HideSolutionNode = FALSE
	EndGlobalSection
	GlobalSection(ExtensibilityGlobals) = postSolution
		SolutionGuid = {4D2EA3C7-7C27-442E-A797-41294E48A2B2}
	EndGlobalSection
EndGlobal
